
Microsoft Visual Studio Solution File, Format Version 12.00
# Visual Studio Version 17
VisualStudioVersion = 17.10.35027.167
MinimumVisualStudioVersion = 10.0.40219.1
Project("{2150E333-8FDC-42A3-9474-1A3956D46DE8}") = "Libraries", "Libraries", "{FA4B1AC1-B059-4981-BB3E-AA0E9BA285A5}"
EndProject
Project("{2150E333-8FDC-42A3-9474-1A3956D46DE8}") = "Utilities", "Utilities", "{3BDFE883-5AAD-4029-A052-CB4AC548AFA9}"
EndProject
Project("{9A19103F-16F7-4668-BE54-9A1E7A4F7556}") = "C8S.EFCoreSetup", "Utilities\C8S.EFCoreSetup\C8S.EFCoreSetup.csproj", "{504D7B01-3923-497A-9B54-34BD2913A488}"
EndProject
Project("{9A19103F-16F7-4668-BE54-9A1E7A4F7556}") = "C8S.UtilityApp", "Utilities\C8S.UtilityApp\C8S.UtilityApp.csproj", "{5A3D9530-35F4-4044-8C63-4A148E58F161}"
EndProject
Project("{9A19103F-16F7-4668-BE54-9A1E7A4F7556}") = "C8S.FullSlate", "Libraries\C8S.FullSlate\C8S.FullSlate.csproj", "{934D0A54-C75D-454E-80E7-6273BA0D1D17}"
EndProject
Project("{9A19103F-16F7-4668-BE54-9A1E7A4F7556}") = "C8S.FullSlate.Abstractions", "Libraries\C8S.FullSlate.Abstractions\C8S.FullSlate.Abstractions.csproj", "{D9C8DB93-3D6F-48E6-A6C1-B5515053194F}"
EndProject
Project("{2150E333-8FDC-42A3-9474-1A3956D46DE8}") = "WebApps", "WebApps", "{B9E931EE-3B4A-4B8D-9CC4-A3880383C471}"
EndProject
Project("{9A19103F-16F7-4668-BE54-9A1E7A4F7556}") = "C8S.AdminApp", "WebApps\C8S.AdminApp\C8S.AdminApp.csproj", "{516AE909-0042-4FEF-83F1-759A88C5C4B1}"
EndProject
Project("{9A19103F-16F7-4668-BE54-9A1E7A4F7556}") = "C8S.AdminApp.Client", "WebApps\C8S.AdminApp.Client\C8S.AdminApp.Client.csproj", "{2C104810-DCA3-4676-A2D2-C41B43EFCA62}"
EndProject
Project("{2150E333-8FDC-42A3-9474-1A3956D46DE8}") = "SoftCrow", "SoftCrow", "{5B1D362B-9047-4151-B890-7CE489E51A24}"
EndProject
Project("{9A19103F-16F7-4668-BE54-9A1E7A4F7556}") = "SC.Common", "..\..\SoftCrow\Source\Libraries\SC.Common\SC.Common.csproj", "{85C38E94-82BF-46D3-90C3-D6A6A1341938}"
EndProject
Project("{9A19103F-16F7-4668-BE54-9A1E7A4F7556}") = "SC.Common.Razor", "..\..\SoftCrow\Source\RazorLibs\SC.Common.Razor\SC.Common.Razor.csproj", "{EEBC8AFD-1C6D-42F0-B1F6-07BD101B67A8}"
EndProject
Project("{2150E333-8FDC-42A3-9474-1A3956D46DE8}") = "Domains", "Domains", "{FAE3D83F-CDBD-4ECA-B31B-B318BC792346}"
EndProject
Project("{9A19103F-16F7-4668-BE54-9A1E7A4F7556}") = "C8S.Domain", "Domains\C8S.Domain\C8S.Domain.csproj", "{B6FC9EF9-7E59-427C-A818-24CFCF6E65E0}"
EndProject
Project("{9A19103F-16F7-4668-BE54-9A1E7A4F7556}") = "C8S.Domain.EFCore", "Domains\C8S.Domain.EFCore\C8S.Domain.EFCore.csproj", "{4CB23C3B-62DB-48ED-8831-0767E30D93C5}"
EndProject
Project("{9A19103F-16F7-4668-BE54-9A1E7A4F7556}") = "SC.Audit.EFCore", "..\..\SoftCrow\Source\Libraries\SC.Audit.EFCore\SC.Audit.EFCore.csproj", "{494DAF9E-FC76-4B3C-9F4E-944E0C8F4BD1}"
EndProject
Project("{9A19103F-16F7-4668-BE54-9A1E7A4F7556}") = "SC.Audit.Abstractions", "..\..\SoftCrow\Source\Libraries\SC.Audit.Abstractions\SC.Audit.Abstractions.csproj", "{11905B8A-FC4A-425C-AB37-38D91E24655B}"
EndProject
Project("{2150E333-8FDC-42A3-9474-1A3956D46DE8}") = "WebServers", "WebServers", "{55DFB04F-BEC8-4C72-B09B-CFAD16C2374F}"
EndProject
Project("{9A19103F-16F7-4668-BE54-9A1E7A4F7556}") = "C8S.Functions", "WebServers\C8S.Functions\C8S.Functions.csproj", "{F97A69D5-113E-48F1-83D0-7EC0F4B87BAC}"
EndProject
Project("{FAE04EC0-301F-11D3-BF4B-00C04F79EFBC}") = "C8S.AdminApp.Client.UI", "WebApps\C8S.AdminApp.Client.UI\C8S.AdminApp.Client.UI.csproj", "{3606EE7F-32BC-4035-BAA1-A75A5E752C8C}"
EndProject
Project("{FAE04EC0-301F-11D3-BF4B-00C04F79EFBC}") = "C8S.Domain.Features", "Domains\C8S.Domain.Features\C8S.Domain.Features.csproj", "{7D387B59-231B-4A20-8EA7-787ECE8E5AD8}"
EndProject
Project("{FAE04EC0-301F-11D3-BF4B-00C04F79EFBC}") = "C8S.AdminApp.Client.Services", "WebApps\C8S.AdminApp.Client.Services\C8S.AdminApp.Client.Services.csproj", "{F64981A0-0ABF-40D9-A92C-4174AC821E98}"
EndProject
Project("{FAE04EC0-301F-11D3-BF4B-00C04F79EFBC}") = "C8S.WordPress.Abstractions", "Libraries\C8S.WordPress.Abstractions\C8S.WordPress.Abstractions.csproj", "{25287628-D80C-4D8E-AE80-EF31A87C174B}"
EndProject
Project("{FAE04EC0-301F-11D3-BF4B-00C04F79EFBC}") = "C8S.WordPress", "Libraries\C8S.WordPress\C8S.WordPress.csproj", "{C4B60B2C-D2CD-4349-B0EC-AD0A01510674}"
EndProject
Project("{FAE04EC0-301F-11D3-BF4B-00C04F79EFBC}") = "C8S.Fulco", "Libraries\C8S.Fulco\C8S.Fulco.csproj", "{69B73D27-4F89-4152-8D28-31D7E8B45936}"
EndProject
Project("{FAE04EC0-301F-11D3-BF4B-00C04F79EFBC}") = "C8S.Fulco.Abstractions", "Libraries\C8S.Fulco.Abstractions\C8S.Fulco.Abstractions.csproj", "{8A723F31-9AA8-4D15-8377-A1DAF3CDB24B}"
EndProject
Project("{FAE04EC0-301F-11D3-BF4B-00C04F79EFBC}") = "C8S.Domain.Mapping", "Domains\C8S.Domain.Mapping\C8S.Domain.Mapping.csproj", "{3EDE3C60-FFB8-4545-B88F-1635E5759C9A}"
EndProject
Project("{FAE04EC0-301F-11D3-BF4B-00C04F79EFBC}") = "SC.Common.Helpers", "..\..\SoftCrow\Source\Libraries\SC.Common.Helpers\SC.Common.Helpers.csproj", "{8B14FB54-B5F7-D5B8-CEE9-884844A9E16D}"
EndProject
Global
	GlobalSection(SolutionConfigurationPlatforms) = preSolution
		Debug|Any CPU = Debug|Any CPU
		Release|Any CPU = Release|Any CPU
	EndGlobalSection
	GlobalSection(ProjectConfigurationPlatforms) = postSolution
		{504D7B01-3923-497A-9B54-34BD2913A488}.Debug|Any CPU.ActiveCfg = Debug|Any CPU
		{504D7B01-3923-497A-9B54-34BD2913A488}.Debug|Any CPU.Build.0 = Debug|Any CPU
		{504D7B01-3923-497A-9B54-34BD2913A488}.Release|Any CPU.ActiveCfg = Release|Any CPU
		{504D7B01-3923-497A-9B54-34BD2913A488}.Release|Any CPU.Build.0 = Release|Any CPU
		{5A3D9530-35F4-4044-8C63-4A148E58F161}.Debug|Any CPU.ActiveCfg = Debug|Any CPU
		{5A3D9530-35F4-4044-8C63-4A148E58F161}.Debug|Any CPU.Build.0 = Debug|Any CPU
		{5A3D9530-35F4-4044-8C63-4A148E58F161}.Release|Any CPU.ActiveCfg = Release|Any CPU
		{5A3D9530-35F4-4044-8C63-4A148E58F161}.Release|Any CPU.Build.0 = Release|Any CPU
		{934D0A54-C75D-454E-80E7-6273BA0D1D17}.Debug|Any CPU.ActiveCfg = Debug|Any CPU
		{934D0A54-C75D-454E-80E7-6273BA0D1D17}.Debug|Any CPU.Build.0 = Debug|Any CPU
		{934D0A54-C75D-454E-80E7-6273BA0D1D17}.Release|Any CPU.ActiveCfg = Release|Any CPU
		{934D0A54-C75D-454E-80E7-6273BA0D1D17}.Release|Any CPU.Build.0 = Release|Any CPU
		{D9C8DB93-3D6F-48E6-A6C1-B5515053194F}.Debug|Any CPU.ActiveCfg = Debug|Any CPU
		{D9C8DB93-3D6F-48E6-A6C1-B5515053194F}.Debug|Any CPU.Build.0 = Debug|Any CPU
		{D9C8DB93-3D6F-48E6-A6C1-B5515053194F}.Release|Any CPU.ActiveCfg = Release|Any CPU
		{D9C8DB93-3D6F-48E6-A6C1-B5515053194F}.Release|Any CPU.Build.0 = Release|Any CPU
		{516AE909-0042-4FEF-83F1-759A88C5C4B1}.Debug|Any CPU.ActiveCfg = Debug|Any CPU
		{516AE909-0042-4FEF-83F1-759A88C5C4B1}.Debug|Any CPU.Build.0 = Debug|Any CPU
		{516AE909-0042-4FEF-83F1-759A88C5C4B1}.Release|Any CPU.ActiveCfg = Release|Any CPU
		{516AE909-0042-4FEF-83F1-759A88C5C4B1}.Release|Any CPU.Build.0 = Release|Any CPU
		{2C104810-DCA3-4676-A2D2-C41B43EFCA62}.Debug|Any CPU.ActiveCfg = Debug|Any CPU
		{2C104810-DCA3-4676-A2D2-C41B43EFCA62}.Debug|Any CPU.Build.0 = Debug|Any CPU
		{2C104810-DCA3-4676-A2D2-C41B43EFCA62}.Release|Any CPU.ActiveCfg = Release|Any CPU
		{2C104810-DCA3-4676-A2D2-C41B43EFCA62}.Release|Any CPU.Build.0 = Release|Any CPU
		{85C38E94-82BF-46D3-90C3-D6A6A1341938}.Debug|Any CPU.ActiveCfg = Debug|Any CPU
		{85C38E94-82BF-46D3-90C3-D6A6A1341938}.Debug|Any CPU.Build.0 = Debug|Any CPU
		{85C38E94-82BF-46D3-90C3-D6A6A1341938}.Release|Any CPU.ActiveCfg = Release|Any CPU
		{85C38E94-82BF-46D3-90C3-D6A6A1341938}.Release|Any CPU.Build.0 = Release|Any CPU
		{EEBC8AFD-1C6D-42F0-B1F6-07BD101B67A8}.Debug|Any CPU.ActiveCfg = Debug|Any CPU
		{EEBC8AFD-1C6D-42F0-B1F6-07BD101B67A8}.Debug|Any CPU.Build.0 = Debug|Any CPU
		{EEBC8AFD-1C6D-42F0-B1F6-07BD101B67A8}.Release|Any CPU.ActiveCfg = Release|Any CPU
		{EEBC8AFD-1C6D-42F0-B1F6-07BD101B67A8}.Release|Any CPU.Build.0 = Release|Any CPU
		{B6FC9EF9-7E59-427C-A818-24CFCF6E65E0}.Debug|Any CPU.ActiveCfg = Debug|Any CPU
		{B6FC9EF9-7E59-427C-A818-24CFCF6E65E0}.Debug|Any CPU.Build.0 = Debug|Any CPU
		{B6FC9EF9-7E59-427C-A818-24CFCF6E65E0}.Release|Any CPU.ActiveCfg = Release|Any CPU
		{B6FC9EF9-7E59-427C-A818-24CFCF6E65E0}.Release|Any CPU.Build.0 = Release|Any CPU
		{4CB23C3B-62DB-48ED-8831-0767E30D93C5}.Debug|Any CPU.ActiveCfg = Debug|Any CPU
		{4CB23C3B-62DB-48ED-8831-0767E30D93C5}.Debug|Any CPU.Build.0 = Debug|Any CPU
		{4CB23C3B-62DB-48ED-8831-0767E30D93C5}.Release|Any CPU.ActiveCfg = Release|Any CPU
		{4CB23C3B-62DB-48ED-8831-0767E30D93C5}.Release|Any CPU.Build.0 = Release|Any CPU
		{494DAF9E-FC76-4B3C-9F4E-944E0C8F4BD1}.Debug|Any CPU.ActiveCfg = Debug|Any CPU
		{494DAF9E-FC76-4B3C-9F4E-944E0C8F4BD1}.Debug|Any CPU.Build.0 = Debug|Any CPU
		{494DAF9E-FC76-4B3C-9F4E-944E0C8F4BD1}.Release|Any CPU.ActiveCfg = Release|Any CPU
		{494DAF9E-FC76-4B3C-9F4E-944E0C8F4BD1}.Release|Any CPU.Build.0 = Release|Any CPU
		{11905B8A-FC4A-425C-AB37-38D91E24655B}.Debug|Any CPU.ActiveCfg = Debug|Any CPU
		{11905B8A-FC4A-425C-AB37-38D91E24655B}.Debug|Any CPU.Build.0 = Debug|Any CPU
		{11905B8A-FC4A-425C-AB37-38D91E24655B}.Release|Any CPU.ActiveCfg = Release|Any CPU
		{11905B8A-FC4A-425C-AB37-38D91E24655B}.Release|Any CPU.Build.0 = Release|Any CPU
		{F97A69D5-113E-48F1-83D0-7EC0F4B87BAC}.Debug|Any CPU.ActiveCfg = Debug|Any CPU
		{F97A69D5-113E-48F1-83D0-7EC0F4B87BAC}.Debug|Any CPU.Build.0 = Debug|Any CPU
		{F97A69D5-113E-48F1-83D0-7EC0F4B87BAC}.Release|Any CPU.ActiveCfg = Release|Any CPU
		{F97A69D5-113E-48F1-83D0-7EC0F4B87BAC}.Release|Any CPU.Build.0 = Release|Any CPU
		{3606EE7F-32BC-4035-BAA1-A75A5E752C8C}.Debug|Any CPU.ActiveCfg = Debug|Any CPU
		{3606EE7F-32BC-4035-BAA1-A75A5E752C8C}.Debug|Any CPU.Build.0 = Debug|Any CPU
		{3606EE7F-32BC-4035-BAA1-A75A5E752C8C}.Release|Any CPU.ActiveCfg = Release|Any CPU
		{3606EE7F-32BC-4035-BAA1-A75A5E752C8C}.Release|Any CPU.Build.0 = Release|Any CPU
		{7D387B59-231B-4A20-8EA7-787ECE8E5AD8}.Debug|Any CPU.ActiveCfg = Debug|Any CPU
		{7D387B59-231B-4A20-8EA7-787ECE8E5AD8}.Debug|Any CPU.Build.0 = Debug|Any CPU
		{7D387B59-231B-4A20-8EA7-787ECE8E5AD8}.Release|Any CPU.ActiveCfg = Release|Any CPU
		{7D387B59-231B-4A20-8EA7-787ECE8E5AD8}.Release|Any CPU.Build.0 = Release|Any CPU
		{F64981A0-0ABF-40D9-A92C-4174AC821E98}.Debug|Any CPU.ActiveCfg = Debug|Any CPU
		{F64981A0-0ABF-40D9-A92C-4174AC821E98}.Debug|Any CPU.Build.0 = Debug|Any CPU
		{F64981A0-0ABF-40D9-A92C-4174AC821E98}.Release|Any CPU.ActiveCfg = Release|Any CPU
		{F64981A0-0ABF-40D9-A92C-4174AC821E98}.Release|Any CPU.Build.0 = Release|Any CPU
		{25287628-D80C-4D8E-AE80-EF31A87C174B}.Debug|Any CPU.ActiveCfg = Debug|Any CPU
		{25287628-D80C-4D8E-AE80-EF31A87C174B}.Debug|Any CPU.Build.0 = Debug|Any CPU
		{25287628-D80C-4D8E-AE80-EF31A87C174B}.Release|Any CPU.ActiveCfg = Release|Any CPU
		{25287628-D80C-4D8E-AE80-EF31A87C174B}.Release|Any CPU.Build.0 = Release|Any CPU
		{C4B60B2C-D2CD-4349-B0EC-AD0A01510674}.Debug|Any CPU.ActiveCfg = Debug|Any CPU
		{C4B60B2C-D2CD-4349-B0EC-AD0A01510674}.Debug|Any CPU.Build.0 = Debug|Any CPU
		{C4B60B2C-D2CD-4349-B0EC-AD0A01510674}.Release|Any CPU.ActiveCfg = Release|Any CPU
		{C4B60B2C-D2CD-4349-B0EC-AD0A01510674}.Release|Any CPU.Build.0 = Release|Any CPU
		{69B73D27-4F89-4152-8D28-31D7E8B45936}.Debug|Any CPU.ActiveCfg = Debug|Any CPU
		{69B73D27-4F89-4152-8D28-31D7E8B45936}.Debug|Any CPU.Build.0 = Debug|Any CPU
		{69B73D27-4F89-4152-8D28-31D7E8B45936}.Release|Any CPU.ActiveCfg = Release|Any CPU
		{69B73D27-4F89-4152-8D28-31D7E8B45936}.Release|Any CPU.Build.0 = Release|Any CPU
		{8A723F31-9AA8-4D15-8377-A1DAF3CDB24B}.Debug|Any CPU.ActiveCfg = Debug|Any CPU
		{8A723F31-9AA8-4D15-8377-A1DAF3CDB24B}.Debug|Any CPU.Build.0 = Debug|Any CPU
		{8A723F31-9AA8-4D15-8377-A1DAF3CDB24B}.Release|Any CPU.ActiveCfg = Release|Any CPU
		{8A723F31-9AA8-4D15-8377-A1DAF3CDB24B}.Release|Any CPU.Build.0 = Release|Any CPU
		{3EDE3C60-FFB8-4545-B88F-1635E5759C9A}.Debug|Any CPU.ActiveCfg = Debug|Any CPU
		{3EDE3C60-FFB8-4545-B88F-1635E5759C9A}.Debug|Any CPU.Build.0 = Debug|Any CPU
		{3EDE3C60-FFB8-4545-B88F-1635E5759C9A}.Release|Any CPU.ActiveCfg = Release|Any CPU
		{3EDE3C60-FFB8-4545-B88F-1635E5759C9A}.Release|Any CPU.Build.0 = Release|Any CPU
		{8B14FB54-B5F7-D5B8-CEE9-884844A9E16D}.Debug|Any CPU.ActiveCfg = Debug|Any CPU
		{8B14FB54-B5F7-D5B8-CEE9-884844A9E16D}.Debug|Any CPU.Build.0 = Debug|Any CPU
		{8B14FB54-B5F7-D5B8-CEE9-884844A9E16D}.Release|Any CPU.ActiveCfg = Release|Any CPU
		{8B14FB54-B5F7-D5B8-CEE9-884844A9E16D}.Release|Any CPU.Build.0 = Release|Any CPU
	EndGlobalSection
	GlobalSection(SolutionProperties) = preSolution
		HideSolutionNode = FALSE
	EndGlobalSection
	GlobalSection(NestedProjects) = preSolution
		{504D7B01-3923-497A-9B54-34BD2913A488} = {3BDFE883-5AAD-4029-A052-CB4AC548AFA9}
		{5A3D9530-35F4-4044-8C63-4A148E58F161} = {3BDFE883-5AAD-4029-A052-CB4AC548AFA9}
		{934D0A54-C75D-454E-80E7-6273BA0D1D17} = {FA4B1AC1-B059-4981-BB3E-AA0E9BA285A5}
		{D9C8DB93-3D6F-48E6-A6C1-B5515053194F} = {FA4B1AC1-B059-4981-BB3E-AA0E9BA285A5}
		{516AE909-0042-4FEF-83F1-759A88C5C4B1} = {B9E931EE-3B4A-4B8D-9CC4-A3880383C471}
		{2C104810-DCA3-4676-A2D2-C41B43EFCA62} = {B9E931EE-3B4A-4B8D-9CC4-A3880383C471}
		{85C38E94-82BF-46D3-90C3-D6A6A1341938} = {5B1D362B-9047-4151-B890-7CE489E51A24}
		{EEBC8AFD-1C6D-42F0-B1F6-07BD101B67A8} = {5B1D362B-9047-4151-B890-7CE489E51A24}
		{B6FC9EF9-7E59-427C-A818-24CFCF6E65E0} = {FAE3D83F-CDBD-4ECA-B31B-B318BC792346}
		{4CB23C3B-62DB-48ED-8831-0767E30D93C5} = {FAE3D83F-CDBD-4ECA-B31B-B318BC792346}
		{494DAF9E-FC76-4B3C-9F4E-944E0C8F4BD1} = {5B1D362B-9047-4151-B890-7CE489E51A24}
		{11905B8A-FC4A-425C-AB37-38D91E24655B} = {5B1D362B-9047-4151-B890-7CE489E51A24}
		{F97A69D5-113E-48F1-83D0-7EC0F4B87BAC} = {55DFB04F-BEC8-4C72-B09B-CFAD16C2374F}
		{3606EE7F-32BC-4035-BAA1-A75A5E752C8C} = {B9E931EE-3B4A-4B8D-9CC4-A3880383C471}
		{7D387B59-231B-4A20-8EA7-787ECE8E5AD8} = {FAE3D83F-CDBD-4ECA-B31B-B318BC792346}
		{F64981A0-0ABF-40D9-A92C-4174AC821E98} = {B9E931EE-3B4A-4B8D-9CC4-A3880383C471}
		{25287628-D80C-4D8E-AE80-EF31A87C174B} = {FA4B1AC1-B059-4981-BB3E-AA0E9BA285A5}
		{C4B60B2C-D2CD-4349-B0EC-AD0A01510674} = {FA4B1AC1-B059-4981-BB3E-AA0E9BA285A5}
		{69B73D27-4F89-4152-8D28-31D7E8B45936} = {FA4B1AC1-B059-4981-BB3E-AA0E9BA285A5}
		{8A723F31-9AA8-4D15-8377-A1DAF3CDB24B} = {FA4B1AC1-B059-4981-BB3E-AA0E9BA285A5}
		{3EDE3C60-FFB8-4545-B88F-1635E5759C9A} = {FAE3D83F-CDBD-4ECA-B31B-B318BC792346}
		{8B14FB54-B5F7-D5B8-CEE9-884844A9E16D} = {5B1D362B-9047-4151-B890-7CE489E51A24}
	EndGlobalSection
	GlobalSection(ExtensibilityGlobals) = postSolution
		SolutionGuid = {9FCDA662-2D34-4C96-9FD9-ADF6BB28363B}
	EndGlobalSection
EndGlobal
